
Microsoft Visual Studio Solution File, Format Version 12.00
# Visual Studio Version 17
VisualStudioVersion = 17.2.32630.192
MinimumVisualStudioVersion = 10.0.40219.1
Project("{FAE04EC0-301F-11D3-BF4B-00C04F79EFBC}") = "LINQ", "LINQ\LINQ.csproj", "{CA64A531-4912-4274-A9BD-5810D3907C2C}"
EndProject
Global
	GlobalSection(SolutionConfigurationPlatforms) = preSolution
		Debug|Any CPU = Debug|Any CPU
		Release|Any CPU = Release|Any CPU
	EndGlobalSection
	GlobalSection(ProjectConfigurationPlatforms) = postSolution
		{CA64A531-4912-4274-A9BD-5810D3907C2C}.Debug|Any CPU.ActiveCfg = Debug|Any CPU
		{CA64A531-4912-4274-A9BD-5810D3907C2C}.Debug|Any CPU.Build.0 = Debug|Any CPU
		{CA64A531-4912-4274-A9BD-5810D3907C2C}.Release|Any CPU.ActiveCfg = Release|Any CPU
		{CA64A531-4912-4274-A9BD-5810D3907C2C}.Release|Any CPU.Build.0 = Release|Any CPU
	EndGlobalSection
	GlobalSection(SolutionProperties) = preSolution
		HideSolutionNode = FALSE
	EndGlobalSection
	GlobalSection(ExtensibilityGlobals) = postSolution
		SolutionGuid = {0D42974A-6C84-4EBB-B6D6-8F818F57AFF9}
	EndGlobalSection
EndGlobal
